// !$*UTF8*$!
{
	archiveVersion = 1;
	classes = {
	};
	objectVersion = 56;
	objects = {

/* Begin PBXBuildFile section */
		D404ADA12DAB860900D31697 /* AccessibilityIdentifier.swift in Sources */ = {isa = PBXBuildFile; fileRef = D404ADA02DAB860900D31697 /* AccessibilityIdentifier.swift */; };
		D404ADA62DAB9EAE00D31697 /* UIViewController.swift in Sources */ = {isa = PBXBuildFile; fileRef = D404ADA52DAB9EAE00D31697 /* UIViewController.swift */; };
		D404ADA82DABBE9F00D31697 /* ExtensionInt.swift in Sources */ = {isa = PBXBuildFile; fileRef = D404ADA72DABBE9F00D31697 /* ExtensionInt.swift */; };
		D4B43ECD2DA7911100963825 /* TrackerViewCell.swift in Sources */ = {isa = PBXBuildFile; fileRef = D4B43ECC2DA7911100963825 /* TrackerViewCell.swift */; };
		D4C3EDB52D8FB96C0056B0D3 /* AppDelegate.swift in Sources */ = {isa = PBXBuildFile; fileRef = D4C3EDB42D8FB96C0056B0D3 /* AppDelegate.swift */; };
		D4C3EDB72D8FB96C0056B0D3 /* SceneDelegate.swift in Sources */ = {isa = PBXBuildFile; fileRef = D4C3EDB62D8FB96C0056B0D3 /* SceneDelegate.swift */; };
		D4C3EDB92D8FB96C0056B0D3 /* TrackersViewController.swift in Sources */ = {isa = PBXBuildFile; fileRef = D4C3EDB82D8FB96C0056B0D3 /* TrackersViewController.swift */; };
		D4C3EDBF2D8FB96C0056B0D3 /* Tracker.xcdatamodeld in Sources */ = {isa = PBXBuildFile; fileRef = D4C3EDBD2D8FB96C0056B0D3 /* Tracker.xcdatamodeld */; };
		D4C3EDC12D8FB96E0056B0D3 /* Assets.xcassets in Resources */ = {isa = PBXBuildFile; fileRef = D4C3EDC02D8FB96E0056B0D3 /* Assets.xcassets */; };
		D4C3EDC42D8FB96E0056B0D3 /* Base in Resources */ = {isa = PBXBuildFile; fileRef = D4C3EDC32D8FB96E0056B0D3 /* Base */; };
		D4C3EDCC2D8FD7CD0056B0D3 /* AppColor.swift in Sources */ = {isa = PBXBuildFile; fileRef = D4C3EDCB2D8FD7CD0056B0D3 /* AppColor.swift */; };
		D4C3EDCE2D9650030056B0D3 /* StatisticsViewController.swift in Sources */ = {isa = PBXBuildFile; fileRef = D4C3EDCD2D9650030056B0D3 /* StatisticsViewController.swift */; };
		D4C3EDD02D9650F90056B0D3 /* TabBarController.swift in Sources */ = {isa = PBXBuildFile; fileRef = D4C3EDCF2D9650F90056B0D3 /* TabBarController.swift */; };
		D4E2A46A2DA365E100CE22BF /* Tracker.swift in Sources */ = {isa = PBXBuildFile; fileRef = D4E2A4692DA365E100CE22BF /* Tracker.swift */; };
		D4E2A46C2DA365EA00CE22BF /* TrackerCategory.swift in Sources */ = {isa = PBXBuildFile; fileRef = D4E2A46B2DA365EA00CE22BF /* TrackerCategory.swift */; };
		D4E2A46E2DA365F900CE22BF /* TrackerRecord.swift in Sources */ = {isa = PBXBuildFile; fileRef = D4E2A46D2DA365F900CE22BF /* TrackerRecord.swift */; };
		D4FA52632DAA024F004559A4 /* CreateTrackerViewController.swift in Sources */ = {isa = PBXBuildFile; fileRef = D4FA52622DAA024F004559A4 /* CreateTrackerViewController.swift */; };
		D4FA52652DAA0880004559A4 /* TypeOfTrackerViewController.swift in Sources */ = {isa = PBXBuildFile; fileRef = D4FA52642DAA0880004559A4 /* TypeOfTrackerViewController.swift */; };
		D4FA52672DAA237B004559A4 /* TrackerPropertiesCell.swift in Sources */ = {isa = PBXBuildFile; fileRef = D4FA52662DAA237B004559A4 /* TrackerPropertiesCell.swift */; };
		D4FA52692DAA4407004559A4 /* HeaderSectionView.swift in Sources */ = {isa = PBXBuildFile; fileRef = D4FA52682DAA4407004559A4 /* HeaderSectionView.swift */; };
		D4FA526B2DAA6DA3004559A4 /* ScheduleViewController.swift in Sources */ = {isa = PBXBuildFile; fileRef = D4FA526A2DAA6DA3004559A4 /* ScheduleViewController.swift */; };
		D4FA526D2DAA7D12004559A4 /* Weekdays.swift in Sources */ = {isa = PBXBuildFile; fileRef = D4FA526C2DAA7D12004559A4 /* Weekdays.swift */; };
/* End PBXBuildFile section */

/* Begin PBXFileReference section */
		D404ADA02DAB860900D31697 /* AccessibilityIdentifier.swift */ = {isa = PBXFileReference; lastKnownFileType = sourcecode.swift; path = AccessibilityIdentifier.swift; sourceTree = "<group>"; };
		D404ADA52DAB9EAE00D31697 /* UIViewController.swift */ = {isa = PBXFileReference; lastKnownFileType = sourcecode.swift; path = UIViewController.swift; sourceTree = "<group>"; };
		D404ADA72DABBE9F00D31697 /* ExtensionInt.swift */ = {isa = PBXFileReference; lastKnownFileType = sourcecode.swift; path = ExtensionInt.swift; sourceTree = "<group>"; };
		D4B43ECC2DA7911100963825 /* TrackerViewCell.swift */ = {isa = PBXFileReference; lastKnownFileType = sourcecode.swift; path = TrackerViewCell.swift; sourceTree = "<group>"; };
		D4C3EDB12D8FB96C0056B0D3 /* Tracker.app */ = {isa = PBXFileReference; explicitFileType = wrapper.application; includeInIndex = 0; path = Tracker.app; sourceTree = BUILT_PRODUCTS_DIR; };
		D4C3EDB42D8FB96C0056B0D3 /* AppDelegate.swift */ = {isa = PBXFileReference; lastKnownFileType = sourcecode.swift; path = AppDelegate.swift; sourceTree = "<group>"; };
		D4C3EDB62D8FB96C0056B0D3 /* SceneDelegate.swift */ = {isa = PBXFileReference; lastKnownFileType = sourcecode.swift; path = SceneDelegate.swift; sourceTree = "<group>"; };
		D4C3EDB82D8FB96C0056B0D3 /* TrackersViewController.swift */ = {isa = PBXFileReference; lastKnownFileType = sourcecode.swift; path = TrackersViewController.swift; sourceTree = "<group>"; };
		D4C3EDBE2D8FB96C0056B0D3 /* Tracker.xcdatamodel */ = {isa = PBXFileReference; lastKnownFileType = wrapper.xcdatamodel; path = Tracker.xcdatamodel; sourceTree = "<group>"; };
		D4C3EDC02D8FB96E0056B0D3 /* Assets.xcassets */ = {isa = PBXFileReference; lastKnownFileType = folder.assetcatalog; path = Assets.xcassets; sourceTree = "<group>"; };
		D4C3EDC32D8FB96E0056B0D3 /* Base */ = {isa = PBXFileReference; lastKnownFileType = file.storyboard; name = Base; path = Base.lproj/LaunchScreen.storyboard; sourceTree = "<group>"; };
		D4C3EDC52D8FB96E0056B0D3 /* Info.plist */ = {isa = PBXFileReference; lastKnownFileType = text.plist.xml; path = Info.plist; sourceTree = "<group>"; };
		D4C3EDCB2D8FD7CD0056B0D3 /* AppColor.swift */ = {isa = PBXFileReference; lastKnownFileType = sourcecode.swift; path = AppColor.swift; sourceTree = "<group>"; };
		D4C3EDCD2D9650030056B0D3 /* StatisticsViewController.swift */ = {isa = PBXFileReference; lastKnownFileType = sourcecode.swift; path = StatisticsViewController.swift; sourceTree = "<group>"; };
		D4C3EDCF2D9650F90056B0D3 /* TabBarController.swift */ = {isa = PBXFileReference; lastKnownFileType = sourcecode.swift; path = TabBarController.swift; sourceTree = "<group>"; };
		D4E2A4692DA365E100CE22BF /* Tracker.swift */ = {isa = PBXFileReference; lastKnownFileType = sourcecode.swift; path = Tracker.swift; sourceTree = "<group>"; };
		D4E2A46B2DA365EA00CE22BF /* TrackerCategory.swift */ = {isa = PBXFileReference; lastKnownFileType = sourcecode.swift; path = TrackerCategory.swift; sourceTree = "<group>"; };
		D4E2A46D2DA365F900CE22BF /* TrackerRecord.swift */ = {isa = PBXFileReference; lastKnownFileType = sourcecode.swift; path = TrackerRecord.swift; sourceTree = "<group>"; };
		D4FA52622DAA024F004559A4 /* CreateTrackerViewController.swift */ = {isa = PBXFileReference; lastKnownFileType = sourcecode.swift; path = CreateTrackerViewController.swift; sourceTree = "<group>"; };
		D4FA52642DAA0880004559A4 /* TypeOfTrackerViewController.swift */ = {isa = PBXFileReference; lastKnownFileType = sourcecode.swift; path = TypeOfTrackerViewController.swift; sourceTree = "<group>"; };
		D4FA52662DAA237B004559A4 /* TrackerPropertiesCell.swift */ = {isa = PBXFileReference; lastKnownFileType = sourcecode.swift; path = TrackerPropertiesCell.swift; sourceTree = "<group>"; };
		D4FA52682DAA4407004559A4 /* HeaderSectionView.swift */ = {isa = PBXFileReference; lastKnownFileType = sourcecode.swift; path = HeaderSectionView.swift; sourceTree = "<group>"; };
		D4FA526A2DAA6DA3004559A4 /* ScheduleViewController.swift */ = {isa = PBXFileReference; lastKnownFileType = sourcecode.swift; path = ScheduleViewController.swift; sourceTree = "<group>"; };
		D4FA526C2DAA7D12004559A4 /* Weekdays.swift */ = {isa = PBXFileReference; lastKnownFileType = sourcecode.swift; path = Weekdays.swift; sourceTree = "<group>"; };
/* End PBXFileReference section */

/* Begin PBXFrameworksBuildPhase section */
		D4C3EDAE2D8FB96C0056B0D3 /* Frameworks */ = {
			isa = PBXFrameworksBuildPhase;
			buildActionMask = 2147483647;
			files = (
			);
			runOnlyForDeploymentPostprocessing = 0;
		};
/* End PBXFrameworksBuildPhase section */

/* Begin PBXGroup section */
		D404ADA22DAB960500D31697 /* StatisticsViewController */ = {
			isa = PBXGroup;
			children = (
				D4C3EDCD2D9650030056B0D3 /* StatisticsViewController.swift */,
			);
			path = StatisticsViewController;
			sourceTree = "<group>";
		};
		D404ADA32DAB961B00D31697 /* TrackerCell */ = {
			isa = PBXGroup;
			children = (
				D4B43ECC2DA7911100963825 /* TrackerViewCell.swift */,
				D4FA52662DAA237B004559A4 /* TrackerPropertiesCell.swift */,
			);
			path = TrackerCell;
			sourceTree = "<group>";
		};
		D404ADA42DAB9EA200D31697 /* UIViewController */ = {
			isa = PBXGroup;
			children = (
				D404ADA52DAB9EAE00D31697 /* UIViewController.swift */,
				D404ADA72DABBE9F00D31697 /* ExtensionInt.swift */,
			);
			path = UIViewController;
			sourceTree = "<group>";
		};
		D4C3EDA82D8FB96C0056B0D3 = {
			isa = PBXGroup;
			children = (
				D4C3EDB32D8FB96C0056B0D3 /* Tracker */,
				D4C3EDB22D8FB96C0056B0D3 /* Products */,
			);
			sourceTree = "<group>";
		};
		D4C3EDB22D8FB96C0056B0D3 /* Products */ = {
			isa = PBXGroup;
			children = (
				D4C3EDB12D8FB96C0056B0D3 /* Tracker.app */,
			);
			name = Products;
			sourceTree = "<group>";
		};
		D4C3EDB32D8FB96C0056B0D3 /* Tracker */ = {
			isa = PBXGroup;
			children = (
				D4C3EDB42D8FB96C0056B0D3 /* AppDelegate.swift */,
				D4C3EDB62D8FB96C0056B0D3 /* SceneDelegate.swift */,
				D4C3EDCF2D9650F90056B0D3 /* TabBarController.swift */,
				D4FA526E2DAA7E1F004559A4 /* TrackerViewControllers */,
				D404ADA32DAB961B00D31697 /* TrackerCell */,
				D404ADA22DAB960500D31697 /* StatisticsViewController */,
				D4E2A46F2DA3660400CE22BF /* Models */,
				D404ADA42DAB9EA200D31697 /* UIViewController */,
				D4C3EDC02D8FB96E0056B0D3 /* Assets.xcassets */,
				D4C3EDC22D8FB96E0056B0D3 /* LaunchScreen.storyboard */,
				D4C3EDC52D8FB96E0056B0D3 /* Info.plist */,
				D4C3EDBD2D8FB96C0056B0D3 /* Tracker.xcdatamodeld */,
			);
			path = Tracker;
			sourceTree = "<group>";
		};
		D4E2A46F2DA3660400CE22BF /* Models */ = {
			isa = PBXGroup;
			children = (
				D4C3EDCB2D8FD7CD0056B0D3 /* AppColor.swift */,
				D404ADA02DAB860900D31697 /* AccessibilityIdentifier.swift */,
				D4E2A4692DA365E100CE22BF /* Tracker.swift */,
				D4E2A46B2DA365EA00CE22BF /* TrackerCategory.swift */,
				D4E2A46D2DA365F900CE22BF /* TrackerRecord.swift */,
				D4FA526C2DAA7D12004559A4 /* Weekdays.swift */,
			);
			path = Models;
			sourceTree = "<group>";
		};
		D4FA526E2DAA7E1F004559A4 /* TrackerViewControllers */ = {
			isa = PBXGroup;
			children = (
				D4FA52682DAA4407004559A4 /* HeaderSectionView.swift */,
				D4C3EDB82D8FB96C0056B0D3 /* TrackersViewController.swift */,
				D4FA526A2DAA6DA3004559A4 /* ScheduleViewController.swift */,
				D4FA52622DAA024F004559A4 /* CreateTrackerViewController.swift */,
				D4FA52642DAA0880004559A4 /* TypeOfTrackerViewController.swift */,
			);
			path = TrackerViewControllers;
			sourceTree = "<group>";
		};
/* End PBXGroup section */

/* Begin PBXNativeTarget section */
		D4C3EDB02D8FB96C0056B0D3 /* Tracker */ = {
			isa = PBXNativeTarget;
			buildConfigurationList = D4C3EDC82D8FB96E0056B0D3 /* Build configuration list for PBXNativeTarget "Tracker" */;
			buildPhases = (
				D4C3EDAD2D8FB96C0056B0D3 /* Sources */,
				D4C3EDAE2D8FB96C0056B0D3 /* Frameworks */,
				D4C3EDAF2D8FB96C0056B0D3 /* Resources */,
			);
			buildRules = (
			);
			dependencies = (
			);
			name = Tracker;
			productName = Tracker;
			productReference = D4C3EDB12D8FB96C0056B0D3 /* Tracker.app */;
			productType = "com.apple.product-type.application";
		};
/* End PBXNativeTarget section */

/* Begin PBXProject section */
		D4C3EDA92D8FB96C0056B0D3 /* Project object */ = {
			isa = PBXProject;
			attributes = {
				BuildIndependentTargetsInParallel = 1;
				LastSwiftUpdateCheck = 1540;
				LastUpgradeCheck = 1540;
				TargetAttributes = {
					D4C3EDB02D8FB96C0056B0D3 = {
						CreatedOnToolsVersion = 15.4;
					};
				};
			};
			buildConfigurationList = D4C3EDAC2D8FB96C0056B0D3 /* Build configuration list for PBXProject "Tracker" */;
			compatibilityVersion = "Xcode 14.0";
			developmentRegion = en;
			hasScannedForEncodings = 0;
			knownRegions = (
				en,
				Base,
			);
			mainGroup = D4C3EDA82D8FB96C0056B0D3;
			productRefGroup = D4C3EDB22D8FB96C0056B0D3 /* Products */;
			projectDirPath = "";
			projectRoot = "";
			targets = (
				D4C3EDB02D8FB96C0056B0D3 /* Tracker */,
			);
		};
/* End PBXProject section */

/* Begin PBXResourcesBuildPhase section */
		D4C3EDAF2D8FB96C0056B0D3 /* Resources */ = {
			isa = PBXResourcesBuildPhase;
			buildActionMask = 2147483647;
			files = (
				D4C3EDC12D8FB96E0056B0D3 /* Assets.xcassets in Resources */,
				D4C3EDC42D8FB96E0056B0D3 /* Base in Resources */,
			);
			runOnlyForDeploymentPostprocessing = 0;
		};
/* End PBXResourcesBuildPhase section */

/* Begin PBXSourcesBuildPhase section */
		D4C3EDAD2D8FB96C0056B0D3 /* Sources */ = {
			isa = PBXSourcesBuildPhase;
			buildActionMask = 2147483647;
			files = (
				D4E2A46C2DA365EA00CE22BF /* TrackerCategory.swift in Sources */,
				D4FA52672DAA237B004559A4 /* TrackerPropertiesCell.swift in Sources */,
				D4FA526D2DAA7D12004559A4 /* Weekdays.swift in Sources */,
				D404ADA62DAB9EAE00D31697 /* UIViewController.swift in Sources */,
				D4B43ECD2DA7911100963825 /* TrackerViewCell.swift in Sources */,
				D4FA526B2DAA6DA3004559A4 /* ScheduleViewController.swift in Sources */,
				D4C3EDBF2D8FB96C0056B0D3 /* Tracker.xcdatamodeld in Sources */,
				D404ADA82DABBE9F00D31697 /* ExtensionInt.swift in Sources */,
				D4C3EDCC2D8FD7CD0056B0D3 /* AppColor.swift in Sources */,
				D4C3EDB92D8FB96C0056B0D3 /* TrackersViewController.swift in Sources */,
				D4C3EDCE2D9650030056B0D3 /* StatisticsViewController.swift in Sources */,
				D4FA52652DAA0880004559A4 /* TypeOfTrackerViewController.swift in Sources */,
				D4E2A46E2DA365F900CE22BF /* TrackerRecord.swift in Sources */,
				D4FA52692DAA4407004559A4 /* HeaderSectionView.swift in Sources */,
				D4E2A46A2DA365E100CE22BF /* Tracker.swift in Sources */,
				D404ADA12DAB860900D31697 /* AccessibilityIdentifier.swift in Sources */,
				D4C3EDD02D9650F90056B0D3 /* TabBarController.swift in Sources */,
				D4FA52632DAA024F004559A4 /* CreateTrackerViewController.swift in Sources */,
				D4C3EDB52D8FB96C0056B0D3 /* AppDelegate.swift in Sources */,
				D4C3EDB72D8FB96C0056B0D3 /* SceneDelegate.swift in Sources */,
			);
			runOnlyForDeploymentPostprocessing = 0;
		};
/* End PBXSourcesBuildPhase section */

/* Begin PBXVariantGroup section */
		D4C3EDC22D8FB96E0056B0D3 /* LaunchScreen.storyboard */ = {
			isa = PBXVariantGroup;
			children = (
				D4C3EDC32D8FB96E0056B0D3 /* Base */,
			);
			name = LaunchScreen.storyboard;
			sourceTree = "<group>";
		};
/* End PBXVariantGroup section */

/* Begin XCBuildConfiguration section */
		D4C3EDC62D8FB96E0056B0D3 /* Debug */ = {
			isa = XCBuildConfiguration;
			buildSettings = {
				ALWAYS_SEARCH_USER_PATHS = NO;
				ASSETCATALOG_COMPILER_GENERATE_SWIFT_ASSET_SYMBOL_EXTENSIONS = YES;
				CLANG_ANALYZER_NONNULL = YES;
				CLANG_ANALYZER_NUMBER_OBJECT_CONVERSION = YES_AGGRESSIVE;
				CLANG_CXX_LANGUAGE_STANDARD = "gnu++20";
				CLANG_ENABLE_MODULES = YES;
				CLANG_ENABLE_OBJC_ARC = YES;
				CLANG_ENABLE_OBJC_WEAK = YES;
				CLANG_WARN_BLOCK_CAPTURE_AUTORELEASING = YES;
				CLANG_WARN_BOOL_CONVERSION = YES;
				CLANG_WARN_COMMA = YES;
				CLANG_WARN_CONSTANT_CONVERSION = YES;
				CLANG_WARN_DEPRECATED_OBJC_IMPLEMENTATIONS = YES;
				CLANG_WARN_DIRECT_OBJC_ISA_USAGE = YES_ERROR;
				CLANG_WARN_DOCUMENTATION_COMMENTS = YES;
				CLANG_WARN_EMPTY_BODY = YES;
				CLANG_WARN_ENUM_CONVERSION = YES;
				CLANG_WARN_INFINITE_RECURSION = YES;
				CLANG_WARN_INT_CONVERSION = YES;
				CLANG_WARN_NON_LITERAL_NULL_CONVERSION = YES;
				CLANG_WARN_OBJC_IMPLICIT_RETAIN_SELF = YES;
				CLANG_WARN_OBJC_LITERAL_CONVERSION = YES;
				CLANG_WARN_OBJC_ROOT_CLASS = YES_ERROR;
				CLANG_WARN_QUOTED_INCLUDE_IN_FRAMEWORK_HEADER = YES;
				CLANG_WARN_RANGE_LOOP_ANALYSIS = YES;
				CLANG_WARN_STRICT_PROTOTYPES = YES;
				CLANG_WARN_SUSPICIOUS_MOVE = YES;
				CLANG_WARN_UNGUARDED_AVAILABILITY = YES_AGGRESSIVE;
				CLANG_WARN_UNREACHABLE_CODE = YES;
				CLANG_WARN__DUPLICATE_METHOD_MATCH = YES;
				COPY_PHASE_STRIP = NO;
				DEBUG_INFORMATION_FORMAT = dwarf;
				ENABLE_STRICT_OBJC_MSGSEND = YES;
				ENABLE_TESTABILITY = YES;
				ENABLE_USER_SCRIPT_SANDBOXING = YES;
				GCC_C_LANGUAGE_STANDARD = gnu17;
				GCC_DYNAMIC_NO_PIC = NO;
				GCC_NO_COMMON_BLOCKS = YES;
				GCC_OPTIMIZATION_LEVEL = 0;
				GCC_PREPROCESSOR_DEFINITIONS = (
					"DEBUG=1",
					"$(inherited)",
				);
				GCC_WARN_64_TO_32_BIT_CONVERSION = YES;
				GCC_WARN_ABOUT_RETURN_TYPE = YES_ERROR;
				GCC_WARN_UNDECLARED_SELECTOR = YES;
				GCC_WARN_UNINITIALIZED_AUTOS = YES_AGGRESSIVE;
				GCC_WARN_UNUSED_FUNCTION = YES;
				GCC_WARN_UNUSED_VARIABLE = YES;
				IPHONEOS_DEPLOYMENT_TARGET = 13.4;
				LOCALIZATION_PREFERS_STRING_CATALOGS = YES;
				MTL_ENABLE_DEBUG_INFO = INCLUDE_SOURCE;
				MTL_FAST_MATH = YES;
				ONLY_ACTIVE_ARCH = YES;
				SDKROOT = iphoneos;
				SWIFT_ACTIVE_COMPILATION_CONDITIONS = "DEBUG $(inherited)";
				SWIFT_OPTIMIZATION_LEVEL = "-Onone";
			};
			name = Debug;
		};
		D4C3EDC72D8FB96E0056B0D3 /* Release */ = {
			isa = XCBuildConfiguration;
			buildSettings = {
				ALWAYS_SEARCH_USER_PATHS = NO;
				ASSETCATALOG_COMPILER_GENERATE_SWIFT_ASSET_SYMBOL_EXTENSIONS = YES;
				CLANG_ANALYZER_NONNULL = YES;
				CLANG_ANALYZER_NUMBER_OBJECT_CONVERSION = YES_AGGRESSIVE;
				CLANG_CXX_LANGUAGE_STANDARD = "gnu++20";
				CLANG_ENABLE_MODULES = YES;
				CLANG_ENABLE_OBJC_ARC = YES;
				CLANG_ENABLE_OBJC_WEAK = YES;
				CLANG_WARN_BLOCK_CAPTURE_AUTORELEASING = YES;
				CLANG_WARN_BOOL_CONVERSION = YES;
				CLANG_WARN_COMMA = YES;
				CLANG_WARN_CONSTANT_CONVERSION = YES;
				CLANG_WARN_DEPRECATED_OBJC_IMPLEMENTATIONS = YES;
				CLANG_WARN_DIRECT_OBJC_ISA_USAGE = YES_ERROR;
				CLANG_WARN_DOCUMENTATION_COMMENTS = YES;
				CLANG_WARN_EMPTY_BODY = YES;
				CLANG_WARN_ENUM_CONVERSION = YES;
				CLANG_WARN_INFINITE_RECURSION = YES;
				CLANG_WARN_INT_CONVERSION = YES;
				CLANG_WARN_NON_LITERAL_NULL_CONVERSION = YES;
				CLANG_WARN_OBJC_IMPLICIT_RETAIN_SELF = YES;
				CLANG_WARN_OBJC_LITERAL_CONVERSION = YES;
				CLANG_WARN_OBJC_ROOT_CLASS = YES_ERROR;
				CLANG_WARN_QUOTED_INCLUDE_IN_FRAMEWORK_HEADER = YES;
				CLANG_WARN_RANGE_LOOP_ANALYSIS = YES;
				CLANG_WARN_STRICT_PROTOTYPES = YES;
				CLANG_WARN_SUSPICIOUS_MOVE = YES;
				CLANG_WARN_UNGUARDED_AVAILABILITY = YES_AGGRESSIVE;
				CLANG_WARN_UNREACHABLE_CODE = YES;
				CLANG_WARN__DUPLICATE_METHOD_MATCH = YES;
				COPY_PHASE_STRIP = NO;
				DEBUG_INFORMATION_FORMAT = "dwarf-with-dsym";
				ENABLE_NS_ASSERTIONS = NO;
				ENABLE_STRICT_OBJC_MSGSEND = YES;
				ENABLE_USER_SCRIPT_SANDBOXING = YES;
				GCC_C_LANGUAGE_STANDARD = gnu17;
				GCC_NO_COMMON_BLOCKS = YES;
				GCC_WARN_64_TO_32_BIT_CONVERSION = YES;
				GCC_WARN_ABOUT_RETURN_TYPE = YES_ERROR;
				GCC_WARN_UNDECLARED_SELECTOR = YES;
				GCC_WARN_UNINITIALIZED_AUTOS = YES_AGGRESSIVE;
				GCC_WARN_UNUSED_FUNCTION = YES;
				GCC_WARN_UNUSED_VARIABLE = YES;
				IPHONEOS_DEPLOYMENT_TARGET = 13.4;
				LOCALIZATION_PREFERS_STRING_CATALOGS = YES;
				MTL_ENABLE_DEBUG_INFO = NO;
				MTL_FAST_MATH = YES;
				SDKROOT = iphoneos;
				SWIFT_COMPILATION_MODE = wholemodule;
				VALIDATE_PRODUCT = YES;
			};
			name = Release;
		};
		D4C3EDC92D8FB96E0056B0D3 /* Debug */ = {
			isa = XCBuildConfiguration;
			buildSettings = {
				ASSETCATALOG_COMPILER_APPICON_NAME = AppIcon;
				ASSETCATALOG_COMPILER_GLOBAL_ACCENT_COLOR_NAME = AccentColor;
				CODE_SIGN_STYLE = Automatic;
				CURRENT_PROJECT_VERSION = 1;
				DEVELOPMENT_TEAM = AN4FK745A3;
				GENERATE_INFOPLIST_FILE = YES;
				INFOPLIST_FILE = Tracker/Info.plist;
				INFOPLIST_KEY_UIApplicationSupportsIndirectInputEvents = YES;
				INFOPLIST_KEY_UILaunchStoryboardName = LaunchScreen;
				INFOPLIST_KEY_UISupportedInterfaceOrientations = UIInterfaceOrientationPortrait;
				IPHONEOS_DEPLOYMENT_TARGET = 13.4;
				LD_RUNPATH_SEARCH_PATHS = (
					"$(inherited)",
					"@executable_path/Frameworks",
				);
				MARKETING_VERSION = 1.0;
				PRODUCT_BUNDLE_IDENTIFIER = "com.github-pavelseleznev.Tracker";
				PRODUCT_NAME = "$(TARGET_NAME)";
				SWIFT_EMIT_LOC_STRINGS = YES;
				SWIFT_VERSION = 5.0;
				TARGETED_DEVICE_FAMILY = 1;
			};
			name = Debug;
		};
		D4C3EDCA2D8FB96E0056B0D3 /* Release */ = {
			isa = XCBuildConfiguration;
			buildSettings = {
				ASSETCATALOG_COMPILER_APPICON_NAME = AppIcon;
				ASSETCATALOG_COMPILER_GLOBAL_ACCENT_COLOR_NAME = AccentColor;
				CODE_SIGN_STYLE = Automatic;
				CURRENT_PROJECT_VERSION = 1;
				DEVELOPMENT_TEAM = AN4FK745A3;
				GENERATE_INFOPLIST_FILE = YES;
				INFOPLIST_FILE = Tracker/Info.plist;
				INFOPLIST_KEY_UIApplicationSupportsIndirectInputEvents = YES;
				INFOPLIST_KEY_UILaunchStoryboardName = LaunchScreen;
				INFOPLIST_KEY_UISupportedInterfaceOrientations = UIInterfaceOrientationPortrait;
				IPHONEOS_DEPLOYMENT_TARGET = 13.4;
				LD_RUNPATH_SEARCH_PATHS = (
					"$(inherited)",
					"@executable_path/Frameworks",
				);
				MARKETING_VERSION = 1.0;
				PRODUCT_BUNDLE_IDENTIFIER = "com.github-pavelseleznev.Tracker";
				PRODUCT_NAME = "$(TARGET_NAME)";
				SWIFT_EMIT_LOC_STRINGS = YES;
				SWIFT_VERSION = 5.0;
				TARGETED_DEVICE_FAMILY = 1;
			};
			name = Release;
		};
/* End XCBuildConfiguration section */

/* Begin XCConfigurationList section */
		D4C3EDAC2D8FB96C0056B0D3 /* Build configuration list for PBXProject "Tracker" */ = {
			isa = XCConfigurationList;
			buildConfigurations = (
				D4C3EDC62D8FB96E0056B0D3 /* Debug */,
				D4C3EDC72D8FB96E0056B0D3 /* Release */,
			);
			defaultConfigurationIsVisible = 0;
			defaultConfigurationName = Release;
		};
		D4C3EDC82D8FB96E0056B0D3 /* Build configuration list for PBXNativeTarget "Tracker" */ = {
			isa = XCConfigurationList;
			buildConfigurations = (
				D4C3EDC92D8FB96E0056B0D3 /* Debug */,
				D4C3EDCA2D8FB96E0056B0D3 /* Release */,
			);
			defaultConfigurationIsVisible = 0;
			defaultConfigurationName = Release;
		};
/* End XCConfigurationList section */

/* Begin XCVersionGroup section */
		D4C3EDBD2D8FB96C0056B0D3 /* Tracker.xcdatamodeld */ = {
			isa = XCVersionGroup;
			children = (
				D4C3EDBE2D8FB96C0056B0D3 /* Tracker.xcdatamodel */,
			);
			currentVersion = D4C3EDBE2D8FB96C0056B0D3 /* Tracker.xcdatamodel */;
			path = Tracker.xcdatamodeld;
			sourceTree = "<group>";
			versionGroupType = wrapper.xcdatamodel;
		};
/* End XCVersionGroup section */
	};
	rootObject = D4C3EDA92D8FB96C0056B0D3 /* Project object */;
}
